
Microsoft Visual Studio Solution File, Format Version 10.00
# Visual Studio 2008
Project("{8BC9CEB8-8B4A-11D0-8D11-00A0C91BC942}") = "brainfuck_vs2008", "brainfuck_vs2008.vcproj", "{7ADF959A-788F-454A-A5A7-710D5E5DCC09}"
EndProject
Global
	GlobalSection(SolutionConfigurationPlatforms) = preSolution
		Debug|Toradex_CE600 (ARMv4I) = Debug|Toradex_CE600 (ARMv4I)
		Release|Toradex_CE600 (ARMv4I) = Release|Toradex_CE600 (ARMv4I)
	EndGlobalSection
	GlobalSection(ProjectConfigurationPlatforms) = postSolution
		{7ADF959A-788F-454A-A5A7-710D5E5DCC09}.Debug|Toradex_CE600 (ARMv4I).ActiveCfg = Debug|Toradex_CE600 (ARMv4I)
		{7ADF959A-788F-454A-A5A7-710D5E5DCC09}.Debug|Toradex_CE600 (ARMv4I).Build.0 = Debug|Toradex_CE600 (ARMv4I)
		{7ADF959A-788F-454A-A5A7-710D5E5DCC09}.Debug|Toradex_CE600 (ARMv4I).Deploy.0 = Debug|Toradex_CE600 (ARMv4I)
		{7ADF959A-788F-454A-A5A7-710D5E5DCC09}.Release|Toradex_CE600 (ARMv4I).ActiveCfg = Release|Toradex_CE600 (ARMv4I)
		{7ADF959A-788F-454A-A5A7-710D5E5DCC09}.Release|Toradex_CE600 (ARMv4I).Build.0 = Release|Toradex_CE600 (ARMv4I)
		{7ADF959A-788F-454A-A5A7-710D5E5DCC09}.Release|Toradex_CE600 (ARMv4I).Deploy.0 = Release|Toradex_CE600 (ARMv4I)
	EndGlobalSection
	GlobalSection(SolutionProperties) = preSolution
		HideSolutionNode = FALSE
	EndGlobalSection
EndGlobal
